// !$*UTF8*$!
{
	archiveVersion = 1;
	classes = {
	};
	objectVersion = 50;
	objects = {

/* Begin PBXBuildFile section */
		9A1D1D3B20A790310009C3BA /* AppDelegate.swift in Sources */ = {isa = PBXBuildFile; fileRef = 9A1D1D3A20A790310009C3BA /* AppDelegate.swift */; };
		9A1D1D3D20A790310009C3BA /* ViewController.swift in Sources */ = {isa = PBXBuildFile; fileRef = 9A1D1D3C20A790310009C3BA /* ViewController.swift */; };
		9A1D1D4020A790310009C3BA /* Main.storyboard in Resources */ = {isa = PBXBuildFile; fileRef = 9A1D1D3E20A790310009C3BA /* Main.storyboard */; };
		9A1D1D4220A790320009C3BA /* Assets.xcassets in Resources */ = {isa = PBXBuildFile; fileRef = 9A1D1D4120A790320009C3BA /* Assets.xcassets */; };
		9A1D1D4520A790320009C3BA /* LaunchScreen.storyboard in Resources */ = {isa = PBXBuildFile; fileRef = 9A1D1D4320A790320009C3BA /* LaunchScreen.storyboard */; };
		9A1D1D5020A790320009C3BA /* WatchAppTests.swift in Sources */ = {isa = PBXBuildFile; fileRef = 9A1D1D4F20A790320009C3BA /* WatchAppTests.swift */; };
		9A1D1D5B20A790320009C3BA /* WatchAppUITests.swift in Sources */ = {isa = PBXBuildFile; fileRef = 9A1D1D5A20A790320009C3BA /* WatchAppUITests.swift */; };
		9A1D1D6020A790320009C3BA /* WatchApp WatchKit App.app in Embed Watch Content */ = {isa = PBXBuildFile; fileRef = 9A1D1D5F20A790320009C3BA /* WatchApp WatchKit App.app */; };
		9A1D1D6620A790320009C3BA /* Interface.storyboard in Resources */ = {isa = PBXBuildFile; fileRef = 9A1D1D6420A790320009C3BA /* Interface.storyboard */; };
		9A1D1D6820A790330009C3BA /* Assets.xcassets in Resources */ = {isa = PBXBuildFile; fileRef = 9A1D1D6720A790330009C3BA /* Assets.xcassets */; };
		9A1D1D6F20A790330009C3BA /* WatchApp WatchKit Extension.appex in Embed App Extensions */ = {isa = PBXBuildFile; fileRef = 9A1D1D6E20A790330009C3BA /* WatchApp WatchKit Extension.appex */; settings = {ATTRIBUTES = (RemoveHeadersOnCopy, ); }; };
		9A1D1D7420A790330009C3BA /* InterfaceController.swift in Sources */ = {isa = PBXBuildFile; fileRef = 9A1D1D7320A790330009C3BA /* InterfaceController.swift */; };
		9A1D1D7620A790330009C3BA /* ExtensionDelegate.swift in Sources */ = {isa = PBXBuildFile; fileRef = 9A1D1D7520A790330009C3BA /* ExtensionDelegate.swift */; };
		9A1D1D7820A790330009C3BA /* NotificationController.swift in Sources */ = {isa = PBXBuildFile; fileRef = 9A1D1D7720A790330009C3BA /* NotificationController.swift */; };
		9A1D1D7A20A790330009C3BA /* ComplicationController.swift in Sources */ = {isa = PBXBuildFile; fileRef = 9A1D1D7920A790330009C3BA /* ComplicationController.swift */; };
		9A1D1D7C20A790330009C3BA /* Assets.xcassets in Resources */ = {isa = PBXBuildFile; fileRef = 9A1D1D7B20A790330009C3BA /* Assets.xcassets */; };
/* End PBXBuildFile section */

/* Begin PBXContainerItemProxy section */
		9A1D1D4C20A790320009C3BA /* PBXContainerItemProxy */ = {
			isa = PBXContainerItemProxy;
			containerPortal = 9A1D1D2F20A790310009C3BA /* Project object */;
			proxyType = 1;
			remoteGlobalIDString = 9A1D1D3620A790310009C3BA;
			remoteInfo = WatchApp;
		};
		9A1D1D5720A790320009C3BA /* PBXContainerItemProxy */ = {
			isa = PBXContainerItemProxy;
			containerPortal = 9A1D1D2F20A790310009C3BA /* Project object */;
			proxyType = 1;
			remoteGlobalIDString = 9A1D1D3620A790310009C3BA;
			remoteInfo = WatchApp;
		};
		9A1D1D6120A790320009C3BA /* PBXContainerItemProxy */ = {
			isa = PBXContainerItemProxy;
			containerPortal = 9A1D1D2F20A790310009C3BA /* Project object */;
			proxyType = 1;
			remoteGlobalIDString = 9A1D1D5E20A790320009C3BA;
			remoteInfo = "WatchApp WatchKit App";
		};
		9A1D1D7020A790330009C3BA /* PBXContainerItemProxy */ = {
			isa = PBXContainerItemProxy;
			containerPortal = 9A1D1D2F20A790310009C3BA /* Project object */;
			proxyType = 1;
			remoteGlobalIDString = 9A1D1D6D20A790330009C3BA;
			remoteInfo = "WatchApp WatchKit Extension";
		};
/* End PBXContainerItemProxy section */

/* Begin PBXCopyFilesBuildPhase section */
		9A1D1D8420A790330009C3BA /* Embed App Extensions */ = {
			isa = PBXCopyFilesBuildPhase;
			buildActionMask = 2147483647;
			dstPath = "";
			dstSubfolderSpec = 13;
			files = (
				9A1D1D6F20A790330009C3BA /* WatchApp WatchKit Extension.appex in Embed App Extensions */,
			);
			name = "Embed App Extensions";
			runOnlyForDeploymentPostprocessing = 0;
		};
		9A1D1D8820A790330009C3BA /* Embed Watch Content */ = {
			isa = PBXCopyFilesBuildPhase;
			buildActionMask = 2147483647;
			dstPath = "$(CONTENTS_FOLDER_PATH)/Watch";
			dstSubfolderSpec = 16;
			files = (
				9A1D1D6020A790320009C3BA /* WatchApp WatchKit App.app in Embed Watch Content */,
			);
			name = "Embed Watch Content";
			runOnlyForDeploymentPostprocessing = 0;
		};
/* End PBXCopyFilesBuildPhase section */

/* Begin PBXFileReference section */
		9A1D1D3720A790310009C3BA /* WatchApp.app */ = {isa = PBXFileReference; explicitFileType = wrapper.application; includeInIndex = 0; path = WatchApp.app; sourceTree = BUILT_PRODUCTS_DIR; };
		9A1D1D3A20A790310009C3BA /* AppDelegate.swift */ = {isa = PBXFileReference; lastKnownFileType = sourcecode.swift; path = AppDelegate.swift; sourceTree = "<group>"; };
		9A1D1D3C20A790310009C3BA /* ViewController.swift */ = {isa = PBXFileReference; lastKnownFileType = sourcecode.swift; path = ViewController.swift; sourceTree = "<group>"; };
		9A1D1D3F20A790310009C3BA /* Base */ = {isa = PBXFileReference; lastKnownFileType = file.storyboard; name = Base; path = Base.lproj/Main.storyboard; sourceTree = "<group>"; };
		9A1D1D4120A790320009C3BA /* Assets.xcassets */ = {isa = PBXFileReference; lastKnownFileType = folder.assetcatalog; path = Assets.xcassets; sourceTree = "<group>"; };
		9A1D1D4420A790320009C3BA /* Base */ = {isa = PBXFileReference; lastKnownFileType = file.storyboard; name = Base; path = Base.lproj/LaunchScreen.storyboard; sourceTree = "<group>"; };
		9A1D1D4620A790320009C3BA /* Info.plist */ = {isa = PBXFileReference; lastKnownFileType = text.plist.xml; path = Info.plist; sourceTree = "<group>"; };
		9A1D1D4B20A790320009C3BA /* WatchAppTests.xctest */ = {isa = PBXFileReference; explicitFileType = wrapper.cfbundle; includeInIndex = 0; path = WatchAppTests.xctest; sourceTree = BUILT_PRODUCTS_DIR; };
		9A1D1D4F20A790320009C3BA /* WatchAppTests.swift */ = {isa = PBXFileReference; lastKnownFileType = sourcecode.swift; path = WatchAppTests.swift; sourceTree = "<group>"; };
		9A1D1D5120A790320009C3BA /* Info.plist */ = {isa = PBXFileReference; lastKnownFileType = text.plist.xml; path = Info.plist; sourceTree = "<group>"; };
		9A1D1D5620A790320009C3BA /* WatchAppUITests.xctest */ = {isa = PBXFileReference; explicitFileType = wrapper.cfbundle; includeInIndex = 0; path = WatchAppUITests.xctest; sourceTree = BUILT_PRODUCTS_DIR; };
		9A1D1D5A20A790320009C3BA /* WatchAppUITests.swift */ = {isa = PBXFileReference; lastKnownFileType = sourcecode.swift; path = WatchAppUITests.swift; sourceTree = "<group>"; };
		9A1D1D5C20A790320009C3BA /* Info.plist */ = {isa = PBXFileReference; lastKnownFileType = text.plist.xml; path = Info.plist; sourceTree = "<group>"; };
		9A1D1D5F20A790320009C3BA /* WatchApp WatchKit App.app */ = {isa = PBXFileReference; explicitFileType = wrapper.application; includeInIndex = 0; path = "WatchApp WatchKit App.app"; sourceTree = BUILT_PRODUCTS_DIR; };
		9A1D1D6520A790320009C3BA /* Base */ = {isa = PBXFileReference; lastKnownFileType = file.storyboard; name = Base; path = Base.lproj/Interface.storyboard; sourceTree = "<group>"; };
		9A1D1D6720A790330009C3BA /* Assets.xcassets */ = {isa = PBXFileReference; lastKnownFileType = folder.assetcatalog; path = Assets.xcassets; sourceTree = "<group>"; };
		9A1D1D6920A790330009C3BA /* Info.plist */ = {isa = PBXFileReference; lastKnownFileType = text.plist.xml; path = Info.plist; sourceTree = "<group>"; };
		9A1D1D6E20A790330009C3BA /* WatchApp WatchKit Extension.appex */ = {isa = PBXFileReference; explicitFileType = "wrapper.app-extension"; includeInIndex = 0; path = "WatchApp WatchKit Extension.appex"; sourceTree = BUILT_PRODUCTS_DIR; };
		9A1D1D7320A790330009C3BA /* InterfaceController.swift */ = {isa = PBXFileReference; lastKnownFileType = sourcecode.swift; path = InterfaceController.swift; sourceTree = "<group>"; };
		9A1D1D7520A790330009C3BA /* ExtensionDelegate.swift */ = {isa = PBXFileReference; lastKnownFileType = sourcecode.swift; path = ExtensionDelegate.swift; sourceTree = "<group>"; };
		9A1D1D7720A790330009C3BA /* NotificationController.swift */ = {isa = PBXFileReference; lastKnownFileType = sourcecode.swift; path = NotificationController.swift; sourceTree = "<group>"; };
		9A1D1D7920A790330009C3BA /* ComplicationController.swift */ = {isa = PBXFileReference; lastKnownFileType = sourcecode.swift; path = ComplicationController.swift; sourceTree = "<group>"; };
		9A1D1D7B20A790330009C3BA /* Assets.xcassets */ = {isa = PBXFileReference; lastKnownFileType = folder.assetcatalog; path = Assets.xcassets; sourceTree = "<group>"; };
		9A1D1D7D20A790330009C3BA /* Info.plist */ = {isa = PBXFileReference; lastKnownFileType = text.plist.xml; path = Info.plist; sourceTree = "<group>"; };
		9A1D1D7E20A790330009C3BA /* PushNotificationPayload.apns */ = {isa = PBXFileReference; lastKnownFileType = text; path = PushNotificationPayload.apns; sourceTree = "<group>"; };
/* End PBXFileReference section */

/* Begin PBXFrameworksBuildPhase section */
		9A1D1D3420A790310009C3BA /* Frameworks */ = {
			isa = PBXFrameworksBuildPhase;
			buildActionMask = 2147483647;
			files = (
			);
			runOnlyForDeploymentPostprocessing = 0;
		};
		9A1D1D4820A790320009C3BA /* Frameworks */ = {
			isa = PBXFrameworksBuildPhase;
			buildActionMask = 2147483647;
			files = (
			);
			runOnlyForDeploymentPostprocessing = 0;
		};
		9A1D1D5320A790320009C3BA /* Frameworks */ = {
			isa = PBXFrameworksBuildPhase;
			buildActionMask = 2147483647;
			files = (
			);
			runOnlyForDeploymentPostprocessing = 0;
		};
		9A1D1D6B20A790330009C3BA /* Frameworks */ = {
			isa = PBXFrameworksBuildPhase;
			buildActionMask = 2147483647;
			files = (
			);
			runOnlyForDeploymentPostprocessing = 0;
		};
/* End PBXFrameworksBuildPhase section */

/* Begin PBXGroup section */
		9A1D1D2E20A790310009C3BA = {
			isa = PBXGroup;
			children = (
				9A1D1D3920A790310009C3BA /* WatchApp */,
				9A1D1D4E20A790320009C3BA /* WatchAppTests */,
				9A1D1D5920A790320009C3BA /* WatchAppUITests */,
				9A1D1D6320A790320009C3BA /* WatchApp WatchKit App */,
				9A1D1D7220A790330009C3BA /* WatchApp WatchKit Extension */,
				9A1D1D3820A790310009C3BA /* Products */,
			);
			sourceTree = "<group>";
		};
		9A1D1D3820A790310009C3BA /* Products */ = {
			isa = PBXGroup;
			children = (
				9A1D1D3720A790310009C3BA /* WatchApp.app */,
				9A1D1D4B20A790320009C3BA /* WatchAppTests.xctest */,
				9A1D1D5620A790320009C3BA /* WatchAppUITests.xctest */,
				9A1D1D5F20A790320009C3BA /* WatchApp WatchKit App.app */,
				9A1D1D6E20A790330009C3BA /* WatchApp WatchKit Extension.appex */,
			);
			name = Products;
			sourceTree = "<group>";
		};
		9A1D1D3920A790310009C3BA /* WatchApp */ = {
			isa = PBXGroup;
			children = (
				9A1D1D3A20A790310009C3BA /* AppDelegate.swift */,
				9A1D1D3C20A790310009C3BA /* ViewController.swift */,
				9A1D1D3E20A790310009C3BA /* Main.storyboard */,
				9A1D1D4120A790320009C3BA /* Assets.xcassets */,
				9A1D1D4320A790320009C3BA /* LaunchScreen.storyboard */,
				9A1D1D4620A790320009C3BA /* Info.plist */,
			);
			path = WatchApp;
			sourceTree = "<group>";
		};
		9A1D1D4E20A790320009C3BA /* WatchAppTests */ = {
			isa = PBXGroup;
			children = (
				9A1D1D4F20A790320009C3BA /* WatchAppTests.swift */,
				9A1D1D5120A790320009C3BA /* Info.plist */,
			);
			path = WatchAppTests;
			sourceTree = "<group>";
		};
		9A1D1D5920A790320009C3BA /* WatchAppUITests */ = {
			isa = PBXGroup;
			children = (
				9A1D1D5A20A790320009C3BA /* WatchAppUITests.swift */,
				9A1D1D5C20A790320009C3BA /* Info.plist */,
			);
			path = WatchAppUITests;
			sourceTree = "<group>";
		};
		9A1D1D6320A790320009C3BA /* WatchApp WatchKit App */ = {
			isa = PBXGroup;
			children = (
				9A1D1D6420A790320009C3BA /* Interface.storyboard */,
				9A1D1D6720A790330009C3BA /* Assets.xcassets */,
				9A1D1D6920A790330009C3BA /* Info.plist */,
			);
			path = "WatchApp WatchKit App";
			sourceTree = "<group>";
		};
		9A1D1D7220A790330009C3BA /* WatchApp WatchKit Extension */ = {
			isa = PBXGroup;
			children = (
				9A1D1D7320A790330009C3BA /* InterfaceController.swift */,
				9A1D1D7520A790330009C3BA /* ExtensionDelegate.swift */,
				9A1D1D7720A790330009C3BA /* NotificationController.swift */,
				9A1D1D7920A790330009C3BA /* ComplicationController.swift */,
				9A1D1D7B20A790330009C3BA /* Assets.xcassets */,
				9A1D1D7D20A790330009C3BA /* Info.plist */,
				9A1D1D7E20A790330009C3BA /* PushNotificationPayload.apns */,
			);
			path = "WatchApp WatchKit Extension";
			sourceTree = "<group>";
		};
/* End PBXGroup section */

/* Begin PBXNativeTarget section */
		9A1D1D3620A790310009C3BA /* WatchApp */ = {
			isa = PBXNativeTarget;
			buildConfigurationList = 9A1D1D8920A790330009C3BA /* Build configuration list for PBXNativeTarget "WatchApp" */;
			buildPhases = (
				9A1D1D3320A790310009C3BA /* Sources */,
				9A1D1D3420A790310009C3BA /* Frameworks */,
				9A1D1D3520A790310009C3BA /* Resources */,
				9A1D1D8820A790330009C3BA /* Embed Watch Content */,
			);
			buildRules = (
			);
			dependencies = (
				9A1D1D6220A790320009C3BA /* PBXTargetDependency */,
			);
			name = WatchApp;
			productName = WatchApp;
			productReference = 9A1D1D3720A790310009C3BA /* WatchApp.app */;
			productType = "com.apple.product-type.application";
		};
		9A1D1D4A20A790320009C3BA /* WatchAppTests */ = {
			isa = PBXNativeTarget;
			buildConfigurationList = 9A1D1D8C20A790330009C3BA /* Build configuration list for PBXNativeTarget "WatchAppTests" */;
			buildPhases = (
				9A1D1D4720A790320009C3BA /* Sources */,
				9A1D1D4820A790320009C3BA /* Frameworks */,
				9A1D1D4920A790320009C3BA /* Resources */,
			);
			buildRules = (
			);
			dependencies = (
				9A1D1D4D20A790320009C3BA /* PBXTargetDependency */,
			);
			name = WatchAppTests;
			productName = WatchAppTests;
			productReference = 9A1D1D4B20A790320009C3BA /* WatchAppTests.xctest */;
			productType = "com.apple.product-type.bundle.unit-test";
		};
		9A1D1D5520A790320009C3BA /* WatchAppUITests */ = {
			isa = PBXNativeTarget;
			buildConfigurationList = 9A1D1D8F20A790330009C3BA /* Build configuration list for PBXNativeTarget "WatchAppUITests" */;
			buildPhases = (
				9A1D1D5220A790320009C3BA /* Sources */,
				9A1D1D5320A790320009C3BA /* Frameworks */,
				9A1D1D5420A790320009C3BA /* Resources */,
			);
			buildRules = (
			);
			dependencies = (
				9A1D1D5820A790320009C3BA /* PBXTargetDependency */,
			);
			name = WatchAppUITests;
			productName = WatchAppUITests;
			productReference = 9A1D1D5620A790320009C3BA /* WatchAppUITests.xctest */;
			productType = "com.apple.product-type.bundle.ui-testing";
		};
		9A1D1D5E20A790320009C3BA /* WatchApp WatchKit App */ = {
			isa = PBXNativeTarget;
			buildConfigurationList = 9A1D1D8520A790330009C3BA /* Build configuration list for PBXNativeTarget "WatchApp WatchKit App" */;
			buildPhases = (
				9A1D1D5D20A790320009C3BA /* Resources */,
				9A1D1D8420A790330009C3BA /* Embed App Extensions */,
			);
			buildRules = (
			);
			dependencies = (
				9A1D1D7120A790330009C3BA /* PBXTargetDependency */,
			);
			name = "WatchApp WatchKit App";
			productName = "WatchApp WatchKit App";
			productReference = 9A1D1D5F20A790320009C3BA /* WatchApp WatchKit App.app */;
			productType = "com.apple.product-type.application.watchapp2";
		};
		9A1D1D6D20A790330009C3BA /* WatchApp WatchKit Extension */ = {
			isa = PBXNativeTarget;
			buildConfigurationList = 9A1D1D8120A790330009C3BA /* Build configuration list for PBXNativeTarget "WatchApp WatchKit Extension" */;
			buildPhases = (
				9A1D1D6A20A790330009C3BA /* Sources */,
				9A1D1D6B20A790330009C3BA /* Frameworks */,
				9A1D1D6C20A790330009C3BA /* Resources */,
			);
			buildRules = (
			);
			dependencies = (
			);
			name = "WatchApp WatchKit Extension";
			productName = "WatchApp WatchKit Extension";
			productReference = 9A1D1D6E20A790330009C3BA /* WatchApp WatchKit Extension.appex */;
			productType = "com.apple.product-type.watchkit2-extension";
		};
/* End PBXNativeTarget section */

/* Begin PBXProject section */
		9A1D1D2F20A790310009C3BA /* Project object */ = {
			isa = PBXProject;
			attributes = {
				LastSwiftUpdateCheck = 0930;
				LastUpgradeCheck = 0930;
				ORGANIZATIONNAME = "Jacob Lattie";
				TargetAttributes = {
					9A1D1D3620A790310009C3BA = {
						CreatedOnToolsVersion = 9.3;
					};
					9A1D1D4A20A790320009C3BA = {
						CreatedOnToolsVersion = 9.3;
						TestTargetID = 9A1D1D3620A790310009C3BA;
					};
					9A1D1D5520A790320009C3BA = {
						CreatedOnToolsVersion = 9.3;
						TestTargetID = 9A1D1D3620A790310009C3BA;
					};
					9A1D1D5E20A790320009C3BA = {
						CreatedOnToolsVersion = 9.3;
					};
					9A1D1D6D20A790330009C3BA = {
						CreatedOnToolsVersion = 9.3;
					};
				};
			};
			buildConfigurationList = 9A1D1D3220A790310009C3BA /* Build configuration list for PBXProject "WatchApp" */;
			compatibilityVersion = "Xcode 9.3";
			developmentRegion = en;
			hasScannedForEncodings = 0;
			knownRegions = (
				en,
				Base,
			);
			mainGroup = 9A1D1D2E20A790310009C3BA;
			productRefGroup = 9A1D1D3820A790310009C3BA /* Products */;
			projectDirPath = "";
			projectRoot = "";
			targets = (
				9A1D1D3620A790310009C3BA /* WatchApp */,
				9A1D1D4A20A790320009C3BA /* WatchAppTests */,
				9A1D1D5520A790320009C3BA /* WatchAppUITests */,
				9A1D1D5E20A790320009C3BA /* WatchApp WatchKit App */,
				9A1D1D6D20A790330009C3BA /* WatchApp WatchKit Extension */,
			);
		};
/* End PBXProject section */

/* Begin PBXResourcesBuildPhase section */
		9A1D1D3520A790310009C3BA /* Resources */ = {
			isa = PBXResourcesBuildPhase;
			buildActionMask = 2147483647;
			files = (
				9A1D1D4520A790320009C3BA /* LaunchScreen.storyboard in Resources */,
				9A1D1D4220A790320009C3BA /* Assets.xcassets in Resources */,
				9A1D1D4020A790310009C3BA /* Main.storyboard in Resources */,
			);
			runOnlyForDeploymentPostprocessing = 0;
		};
		9A1D1D4920A790320009C3BA /* Resources */ = {
			isa = PBXResourcesBuildPhase;
			buildActionMask = 2147483647;
			files = (
			);
			runOnlyForDeploymentPostprocessing = 0;
		};
		9A1D1D5420A790320009C3BA /* Resources */ = {
			isa = PBXResourcesBuildPhase;
			buildActionMask = 2147483647;
			files = (
			);
			runOnlyForDeploymentPostprocessing = 0;
		};
		9A1D1D5D20A790320009C3BA /* Resources */ = {
			isa = PBXResourcesBuildPhase;
			buildActionMask = 2147483647;
			files = (
				9A1D1D6820A790330009C3BA /* Assets.xcassets in Resources */,
				9A1D1D6620A790320009C3BA /* Interface.storyboard in Resources */,
			);
			runOnlyForDeploymentPostprocessing = 0;
		};
		9A1D1D6C20A790330009C3BA /* Resources */ = {
			isa = PBXResourcesBuildPhase;
			buildActionMask = 2147483647;
			files = (
				9A1D1D7C20A790330009C3BA /* Assets.xcassets in Resources */,
			);
			runOnlyForDeploymentPostprocessing = 0;
		};
/* End PBXResourcesBuildPhase section */

/* Begin PBXSourcesBuildPhase section */
		9A1D1D3320A790310009C3BA /* Sources */ = {
			isa = PBXSourcesBuildPhase;
			buildActionMask = 2147483647;
			files = (
				9A1D1D3D20A790310009C3BA /* ViewController.swift in Sources */,
				9A1D1D3B20A790310009C3BA /* AppDelegate.swift in Sources */,
			);
			runOnlyForDeploymentPostprocessing = 0;
		};
		9A1D1D4720A790320009C3BA /* Sources */ = {
			isa = PBXSourcesBuildPhase;
			buildActionMask = 2147483647;
			files = (
				9A1D1D5020A790320009C3BA /* WatchAppTests.swift in Sources */,
			);
			runOnlyForDeploymentPostprocessing = 0;
		};
		9A1D1D5220A790320009C3BA /* Sources */ = {
			isa = PBXSourcesBuildPhase;
			buildActionMask = 2147483647;
			files = (
				9A1D1D5B20A790320009C3BA /* WatchAppUITests.swift in Sources */,
			);
			runOnlyForDeploymentPostprocessing = 0;
		};
		9A1D1D6A20A790330009C3BA /* Sources */ = {
			isa = PBXSourcesBuildPhase;
			buildActionMask = 2147483647;
			files = (
				9A1D1D7820A790330009C3BA /* NotificationController.swift in Sources */,
				9A1D1D7A20A790330009C3BA /* ComplicationController.swift in Sources */,
				9A1D1D7620A790330009C3BA /* ExtensionDelegate.swift in Sources */,
				9A1D1D7420A790330009C3BA /* InterfaceController.swift in Sources */,
			);
			runOnlyForDeploymentPostprocessing = 0;
		};
/* End PBXSourcesBuildPhase section */

/* Begin PBXTargetDependency section */
		9A1D1D4D20A790320009C3BA /* PBXTargetDependency */ = {
			isa = PBXTargetDependency;
			target = 9A1D1D3620A790310009C3BA /* WatchApp */;
			targetProxy = 9A1D1D4C20A790320009C3BA /* PBXContainerItemProxy */;
		};
		9A1D1D5820A790320009C3BA /* PBXTargetDependency */ = {
			isa = PBXTargetDependency;
			target = 9A1D1D3620A790310009C3BA /* WatchApp */;
			targetProxy = 9A1D1D5720A790320009C3BA /* PBXContainerItemProxy */;
		};
		9A1D1D6220A790320009C3BA /* PBXTargetDependency */ = {
			isa = PBXTargetDependency;
			target = 9A1D1D5E20A790320009C3BA /* WatchApp WatchKit App */;
			targetProxy = 9A1D1D6120A790320009C3BA /* PBXContainerItemProxy */;
		};
		9A1D1D7120A790330009C3BA /* PBXTargetDependency */ = {
			isa = PBXTargetDependency;
			target = 9A1D1D6D20A790330009C3BA /* WatchApp WatchKit Extension */;
			targetProxy = 9A1D1D7020A790330009C3BA /* PBXContainerItemProxy */;
		};
/* End PBXTargetDependency section */

/* Begin PBXVariantGroup section */
		9A1D1D3E20A790310009C3BA /* Main.storyboard */ = {
			isa = PBXVariantGroup;
			children = (
				9A1D1D3F20A790310009C3BA /* Base */,
			);
			name = Main.storyboard;
			sourceTree = "<group>";
		};
		9A1D1D4320A790320009C3BA /* LaunchScreen.storyboard */ = {
			isa = PBXVariantGroup;
			children = (
				9A1D1D4420A790320009C3BA /* Base */,
			);
			name = LaunchScreen.storyboard;
			sourceTree = "<group>";
		};
		9A1D1D6420A790320009C3BA /* Interface.storyboard */ = {
			isa = PBXVariantGroup;
			children = (
				9A1D1D6520A790320009C3BA /* Base */,
			);
			name = Interface.storyboard;
			sourceTree = "<group>";
		};
/* End PBXVariantGroup section */

/* Begin XCBuildConfiguration section */
		9A1D1D7F20A790330009C3BA /* Debug */ = {
			isa = XCBuildConfiguration;
			buildSettings = {
				ALWAYS_SEARCH_USER_PATHS = NO;
				CLANG_ANALYZER_NONNULL = YES;
				CLANG_ANALYZER_NUMBER_OBJECT_CONVERSION = YES_AGGRESSIVE;
				CLANG_CXX_LANGUAGE_STANDARD = "gnu++14";
				CLANG_CXX_LIBRARY = "libc++";
				CLANG_ENABLE_MODULES = YES;
				CLANG_ENABLE_OBJC_ARC = YES;
				CLANG_ENABLE_OBJC_WEAK = YES;
				CLANG_WARN_BLOCK_CAPTURE_AUTORELEASING = YES;
				CLANG_WARN_BOOL_CONVERSION = YES;
				CLANG_WARN_COMMA = YES;
				CLANG_WARN_CONSTANT_CONVERSION = YES;
				CLANG_WARN_DEPRECATED_OBJC_IMPLEMENTATIONS = YES;
				CLANG_WARN_DIRECT_OBJC_ISA_USAGE = YES_ERROR;
				CLANG_WARN_DOCUMENTATION_COMMENTS = YES;
				CLANG_WARN_EMPTY_BODY = YES;
				CLANG_WARN_ENUM_CONVERSION = YES;
				CLANG_WARN_INFINITE_RECURSION = YES;
				CLANG_WARN_INT_CONVERSION = YES;
				CLANG_WARN_NON_LITERAL_NULL_CONVERSION = YES;
				CLANG_WARN_OBJC_IMPLICIT_RETAIN_SELF = YES;
				CLANG_WARN_OBJC_LITERAL_CONVERSION = YES;
				CLANG_WARN_OBJC_ROOT_CLASS = YES_ERROR;
				CLANG_WARN_RANGE_LOOP_ANALYSIS = YES;
				CLANG_WARN_STRICT_PROTOTYPES = YES;
				CLANG_WARN_SUSPICIOUS_MOVE = YES;
				CLANG_WARN_UNGUARDED_AVAILABILITY = YES_AGGRESSIVE;
				CLANG_WARN_UNREACHABLE_CODE = YES;
				CLANG_WARN__DUPLICATE_METHOD_MATCH = YES;
				CODE_SIGN_IDENTITY = "iPhone Developer";
				COPY_PHASE_STRIP = NO;
				DEBUG_INFORMATION_FORMAT = dwarf;
				ENABLE_STRICT_OBJC_MSGSEND = YES;
				ENABLE_TESTABILITY = YES;
				GCC_C_LANGUAGE_STANDARD = gnu11;
				GCC_DYNAMIC_NO_PIC = NO;
				GCC_NO_COMMON_BLOCKS = YES;
				GCC_OPTIMIZATION_LEVEL = 0;
				GCC_PREPROCESSOR_DEFINITIONS = (
					"DEBUG=1",
					"$(inherited)",
				);
				GCC_WARN_64_TO_32_BIT_CONVERSION = YES;
				GCC_WARN_ABOUT_RETURN_TYPE = YES_ERROR;
				GCC_WARN_UNDECLARED_SELECTOR = YES;
				GCC_WARN_UNINITIALIZED_AUTOS = YES_AGGRESSIVE;
				GCC_WARN_UNUSED_FUNCTION = YES;
				GCC_WARN_UNUSED_VARIABLE = YES;
				IPHONEOS_DEPLOYMENT_TARGET = 11.3;
				MTL_ENABLE_DEBUG_INFO = YES;
				ONLY_ACTIVE_ARCH = YES;
				SDKROOT = iphoneos;
				SWIFT_ACTIVE_COMPILATION_CONDITIONS = DEBUG;
				SWIFT_OPTIMIZATION_LEVEL = "-Onone";
			};
			name = Debug;
		};
		9A1D1D8020A790330009C3BA /* Release */ = {
			isa = XCBuildConfiguration;
			buildSettings = {
				ALWAYS_SEARCH_USER_PATHS = NO;
				CLANG_ANALYZER_NONNULL = YES;
				CLANG_ANALYZER_NUMBER_OBJECT_CONVERSION = YES_AGGRESSIVE;
				CLANG_CXX_LANGUAGE_STANDARD = "gnu++14";
				CLANG_CXX_LIBRARY = "libc++";
				CLANG_ENABLE_MODULES = YES;
				CLANG_ENABLE_OBJC_ARC = YES;
				CLANG_ENABLE_OBJC_WEAK = YES;
				CLANG_WARN_BLOCK_CAPTURE_AUTORELEASING = YES;
				CLANG_WARN_BOOL_CONVERSION = YES;
				CLANG_WARN_COMMA = YES;
				CLANG_WARN_CONSTANT_CONVERSION = YES;
				CLANG_WARN_DEPRECATED_OBJC_IMPLEMENTATIONS = YES;
				CLANG_WARN_DIRECT_OBJC_ISA_USAGE = YES_ERROR;
				CLANG_WARN_DOCUMENTATION_COMMENTS = YES;
				CLANG_WARN_EMPTY_BODY = YES;
				CLANG_WARN_ENUM_CONVERSION = YES;
				CLANG_WARN_INFINITE_RECURSION = YES;
				CLANG_WARN_INT_CONVERSION = YES;
				CLANG_WARN_NON_LITERAL_NULL_CONVERSION = YES;
				CLANG_WARN_OBJC_IMPLICIT_RETAIN_SELF = YES;
				CLANG_WARN_OBJC_LITERAL_CONVERSION = YES;
				CLANG_WARN_OBJC_ROOT_CLASS = YES_ERROR;
				CLANG_WARN_RANGE_LOOP_ANALYSIS = YES;
				CLANG_WARN_STRICT_PROTOTYPES = YES;
				CLANG_WARN_SUSPICIOUS_MOVE = YES;
				CLANG_WARN_UNGUARDED_AVAILABILITY = YES_AGGRESSIVE;
				CLANG_WARN_UNREACHABLE_CODE = YES;
				CLANG_WARN__DUPLICATE_METHOD_MATCH = YES;
				CODE_SIGN_IDENTITY = "iPhone Developer";
				COPY_PHASE_STRIP = NO;
				DEBUG_INFORMATION_FORMAT = "dwarf-with-dsym";
				ENABLE_NS_ASSERTIONS = NO;
				ENABLE_STRICT_OBJC_MSGSEND = YES;
				GCC_C_LANGUAGE_STANDARD = gnu11;
				GCC_NO_COMMON_BLOCKS = YES;
				GCC_WARN_64_TO_32_BIT_CONVERSION = YES;
				GCC_WARN_ABOUT_RETURN_TYPE = YES_ERROR;
				GCC_WARN_UNDECLARED_SELECTOR = YES;
				GCC_WARN_UNINITIALIZED_AUTOS = YES_AGGRESSIVE;
				GCC_WARN_UNUSED_FUNCTION = YES;
				GCC_WARN_UNUSED_VARIABLE = YES;
				IPHONEOS_DEPLOYMENT_TARGET = 11.3;
				MTL_ENABLE_DEBUG_INFO = NO;
				SDKROOT = iphoneos;
				SWIFT_COMPILATION_MODE = wholemodule;
				SWIFT_OPTIMIZATION_LEVEL = "-O";
				VALIDATE_PRODUCT = YES;
			};
			name = Release;
		};
		9A1D1D8220A790330009C3BA /* Debug */ = {
			isa = XCBuildConfiguration;
			buildSettings = {
				ASSETCATALOG_COMPILER_COMPLICATION_NAME = Complication;
				CODE_SIGN_STYLE = Automatic;
				INFOPLIST_FILE = "WatchApp WatchKit Extension/Info.plist";
				LD_RUNPATH_SEARCH_PATHS = (
					"$(inherited)",
					"@executable_path/Frameworks",
					"@executable_path/../../Frameworks",
				);
				PRODUCT_BUNDLE_IDENTIFIER = edu.gatech.jlattie3.WatchApp.watchkitapp.watchkitextension;
				PRODUCT_NAME = "${TARGET_NAME}";
				SDKROOT = watchos;
				SKIP_INSTALL = YES;
				SWIFT_VERSION = 4.0;
				TARGETED_DEVICE_FAMILY = 4;
				WATCHOS_DEPLOYMENT_TARGET = 4.3;
			};
			name = Debug;
		};
		9A1D1D8320A790330009C3BA /* Release */ = {
			isa = XCBuildConfiguration;
			buildSettings = {
				ASSETCATALOG_COMPILER_COMPLICATION_NAME = Complication;
				CODE_SIGN_STYLE = Automatic;
				INFOPLIST_FILE = "WatchApp WatchKit Extension/Info.plist";
				LD_RUNPATH_SEARCH_PATHS = (
					"$(inherited)",
					"@executable_path/Frameworks",
					"@executable_path/../../Frameworks",
				);
				PRODUCT_BUNDLE_IDENTIFIER = edu.gatech.jlattie3.WatchApp.watchkitapp.watchkitextension;
				PRODUCT_NAME = "${TARGET_NAME}";
				SDKROOT = watchos;
				SKIP_INSTALL = YES;
				SWIFT_VERSION = 4.0;
				TARGETED_DEVICE_FAMILY = 4;
				WATCHOS_DEPLOYMENT_TARGET = 4.3;
			};
			name = Release;
		};
		9A1D1D8620A790330009C3BA /* Debug */ = {
			isa = XCBuildConfiguration;
			buildSettings = {
				ALWAYS_EMBED_SWIFT_STANDARD_LIBRARIES = YES;
				ASSETCATALOG_COMPILER_APPICON_NAME = AppIcon;
				CODE_SIGN_STYLE = Automatic;
				IBSC_MODULE = WatchApp_WatchKit_Extension;
				INFOPLIST_FILE = "WatchApp WatchKit App/Info.plist";
				PRODUCT_BUNDLE_IDENTIFIER = edu.gatech.jlattie3.WatchApp.watchkitapp;
				PRODUCT_NAME = "$(TARGET_NAME)";
				SDKROOT = watchos;
				SKIP_INSTALL = YES;
				SWIFT_VERSION = 4.0;
				TARGETED_DEVICE_FAMILY = 4;
				WATCHOS_DEPLOYMENT_TARGET = 4.3;
			};
			name = Debug;
		};
		9A1D1D8720A790330009C3BA /* Release */ = {
			isa = XCBuildConfiguration;
			buildSettings = {
				ALWAYS_EMBED_SWIFT_STANDARD_LIBRARIES = YES;
				ASSETCATALOG_COMPILER_APPICON_NAME = AppIcon;
				CODE_SIGN_STYLE = Automatic;
				IBSC_MODULE = WatchApp_WatchKit_Extension;
				INFOPLIST_FILE = "WatchApp WatchKit App/Info.plist";
				PRODUCT_BUNDLE_IDENTIFIER = edu.gatech.jlattie3.WatchApp.watchkitapp;
				PRODUCT_NAME = "$(TARGET_NAME)";
				SDKROOT = watchos;
				SKIP_INSTALL = YES;
				SWIFT_VERSION = 4.0;
				TARGETED_DEVICE_FAMILY = 4;
				WATCHOS_DEPLOYMENT_TARGET = 4.3;
			};
			name = Release;
		};
		9A1D1D8A20A790330009C3BA /* Debug */ = {
			isa = XCBuildConfiguration;
			buildSettings = {
				ASSETCATALOG_COMPILER_APPICON_NAME = AppIcon;
				CODE_SIGN_STYLE = Automatic;
				DEVELOPMENT_TEAM = 34NAQU5GSM;
				INFOPLIST_FILE = WatchApp/Info.plist;
				LD_RUNPATH_SEARCH_PATHS = (
					"$(inherited)",
					"@executable_path/Frameworks",
				);
				PRODUCT_BUNDLE_IDENTIFIER = edu.gatech.jlattie3.WatchApp;
				PRODUCT_NAME = "$(TARGET_NAME)";
				SWIFT_VERSION = 4.0;
				TARGETED_DEVICE_FAMILY = "1,2";
			};
			name = Debug;
		};
		9A1D1D8B20A790330009C3BA /* Release */ = {
			isa = XCBuildConfiguration;
			buildSettings = {
				ASSETCATALOG_COMPILER_APPICON_NAME = AppIcon;
				CODE_SIGN_STYLE = Automatic;
				DEVELOPMENT_TEAM = 34NAQU5GSM;
				INFOPLIST_FILE = WatchApp/Info.plist;
				LD_RUNPATH_SEARCH_PATHS = (
					"$(inherited)",
					"@executable_path/Frameworks",
				);
				PRODUCT_BUNDLE_IDENTIFIER = edu.gatech.jlattie3.WatchApp;
				PRODUCT_NAME = "$(TARGET_NAME)";
				SWIFT_VERSION = 4.0;
				TARGETED_DEVICE_FAMILY = "1,2";
			};
			name = Release;
		};
		9A1D1D8D20A790330009C3BA /* Debug */ = {
			isa = XCBuildConfiguration;
			buildSettings = {
				ALWAYS_EMBED_SWIFT_STANDARD_LIBRARIES = YES;
				BUNDLE_LOADER = "$(TEST_HOST)";
				CODE_SIGN_STYLE = Automatic;
				INFOPLIST_FILE = WatchAppTests/Info.plist;
				LD_RUNPATH_SEARCH_PATHS = (
					"$(inherited)",
					"@executable_path/Frameworks",
					"@loader_path/Frameworks",
				);
				PRODUCT_BUNDLE_IDENTIFIER = edu.gatech.jlattie3.WatchAppTests;
				PRODUCT_NAME = "$(TARGET_NAME)";
				SWIFT_VERSION = 4.0;
				TARGETED_DEVICE_FAMILY = "1,2";
				TEST_HOST = "$(BUILT_PRODUCTS_DIR)/WatchApp.app/WatchApp";
			};
			name = Debug;
		};
		9A1D1D8E20A790330009C3BA /* Release */ = {
			isa = XCBuildConfiguration;
			buildSettings = {
				ALWAYS_EMBED_SWIFT_STANDARD_LIBRARIES = YES;
				BUNDLE_LOADER = "$(TEST_HOST)";
				CODE_SIGN_STYLE = Automatic;
				INFOPLIST_FILE = WatchAppTests/Info.plist;
				LD_RUNPATH_SEARCH_PATHS = (
					"$(inherited)",
					"@executable_path/Frameworks",
					"@loader_path/Frameworks",
				);
				PRODUCT_BUNDLE_IDENTIFIER = edu.gatech.jlattie3.WatchAppTests;
				PRODUCT_NAME = "$(TARGET_NAME)";
				SWIFT_VERSION = 4.0;
				TARGETED_DEVICE_FAMILY = "1,2";
				TEST_HOST = "$(BUILT_PRODUCTS_DIR)/WatchApp.app/WatchApp";
			};
			name = Release;
		};
		9A1D1D9020A790330009C3BA /* Debug */ = {
			isa = XCBuildConfiguration;
			buildSettings = {
				ALWAYS_EMBED_SWIFT_STANDARD_LIBRARIES = YES;
				CODE_SIGN_STYLE = Automatic;
				INFOPLIST_FILE = WatchAppUITests/Info.plist;
				LD_RUNPATH_SEARCH_PATHS = (
					"$(inherited)",
					"@executable_path/Frameworks",
					"@loader_path/Frameworks",
				);
				PRODUCT_BUNDLE_IDENTIFIER = edu.gatech.jlattie3.WatchAppUITests;
				PRODUCT_NAME = "$(TARGET_NAME)";
				SWIFT_VERSION = 4.0;
				TARGETED_DEVICE_FAMILY = "1,2";
				TEST_TARGET_NAME = WatchApp;
			};
			name = Debug;
		};
		9A1D1D9120A790330009C3BA /* Release */ = {
			isa = XCBuildConfiguration;
			buildSettings = {
				ALWAYS_EMBED_SWIFT_STANDARD_LIBRARIES = YES;
				CODE_SIGN_STYLE = Automatic;
				INFOPLIST_FILE = WatchAppUITests/Info.plist;
				LD_RUNPATH_SEARCH_PATHS = (
					"$(inherited)",
					"@executable_path/Frameworks",
					"@loader_path/Frameworks",
				);
				PRODUCT_BUNDLE_IDENTIFIER = edu.gatech.jlattie3.WatchAppUITests;
				PRODUCT_NAME = "$(TARGET_NAME)";
				SWIFT_VERSION = 4.0;
				TARGETED_DEVICE_FAMILY = "1,2";
				TEST_TARGET_NAME = WatchApp;
			};
			name = Release;
		};
/* End XCBuildConfiguration section */

/* Begin XCConfigurationList section */
		9A1D1D3220A790310009C3BA /* Build configuration list for PBXProject "WatchApp" */ = {
			isa = XCConfigurationList;
			buildConfigurations = (
				9A1D1D7F20A790330009C3BA /* Debug */,
				9A1D1D8020A790330009C3BA /* Release */,
			);
			defaultConfigurationIsVisible = 0;
			defaultConfigurationName = Release;
		};
		9A1D1D8120A790330009C3BA /* Build configuration list for PBXNativeTarget "WatchApp WatchKit Extension" */ = {
			isa = XCConfigurationList;
			buildConfigurations = (
				9A1D1D8220A790330009C3BA /* Debug */,
				9A1D1D8320A790330009C3BA /* Release */,
			);
			defaultConfigurationIsVisible = 0;
			defaultConfigurationName = Release;
		};
		9A1D1D8520A790330009C3BA /* Build configuration list for PBXNativeTarget "WatchApp WatchKit App" */ = {
			isa = XCConfigurationList;
			buildConfigurations = (
				9A1D1D8620A790330009C3BA /* Debug */,
				9A1D1D8720A790330009C3BA /* Release */,
			);
			defaultConfigurationIsVisible = 0;
			defaultConfigurationName = Release;
		};
		9A1D1D8920A790330009C3BA /* Build configuration list for PBXNativeTarget "WatchApp" */ = {
			isa = XCConfigurationList;
			buildConfigurations = (
				9A1D1D8A20A790330009C3BA /* Debug */,
				9A1D1D8B20A790330009C3BA /* Release */,
			);
			defaultConfigurationIsVisible = 0;
			defaultConfigurationName = Release;
		};
		9A1D1D8C20A790330009C3BA /* Build configuration list for PBXNativeTarget "WatchAppTests" */ = {
			isa = XCConfigurationList;
			buildConfigurations = (
				9A1D1D8D20A790330009C3BA /* Debug */,
				9A1D1D8E20A790330009C3BA /* Release */,
			);
			defaultConfigurationIsVisible = 0;
			defaultConfigurationName = Release;
		};
		9A1D1D8F20A790330009C3BA /* Build configuration list for PBXNativeTarget "WatchAppUITests" */ = {
			isa = XCConfigurationList;
			buildConfigurations = (
				9A1D1D9020A790330009C3BA /* Debug */,
				9A1D1D9120A790330009C3BA /* Release */,
			);
			defaultConfigurationIsVisible = 0;
			defaultConfigurationName = Release;
		};
/* End XCConfigurationList section */
	};
	rootObject = 9A1D1D2F20A790310009C3BA /* Project object */;
}
